
Microsoft Visual Studio Solution File, Format Version 12.00
# Visual Studio Version 17
VisualStudioVersion = 17.11.35312.102
MinimumVisualStudioVersion = 10.0.40219.1
Project("{2150E333-8FDC-42A3-9474-1A3956D46DE8}") = "Solution Items", "Solution Items", "{4264F4F8-94A3-4C22-8579-8EB85B7EA473}"
	ProjectSection(SolutionItems) = preProject
		global.json = global.json
	EndProjectSection
EndProject
Project("{FAE04EC0-301F-11D3-BF4B-00C04F79EFBC}") = "HwpSharp", "HwpSharp\HwpSharp.csproj", "{E4274C0E-1937-439F-9033-AD01DD5589C1}"
EndProject
Project("{FAE04EC0-301F-11D3-BF4B-00C04F79EFBC}") = "HwpSharp.Test", "HwpSharp.Test\HwpSharp.Test.csproj", "{877F97E3-BA25-42DA-A9E9-3065CAA4CCA4}"
EndProject
Global
	GlobalSection(SolutionConfigurationPlatforms) = preSolution
		Debug|Any CPU = Debug|Any CPU
		Release|Any CPU = Release|Any CPU
	EndGlobalSection
	GlobalSection(ProjectConfigurationPlatforms) = postSolution
		{E4274C0E-1937-439F-9033-AD01DD5589C1}.Debug|Any CPU.ActiveCfg = Debug|Any CPU
		{E4274C0E-1937-439F-9033-AD01DD5589C1}.Debug|Any CPU.Build.0 = Debug|Any CPU
		{E4274C0E-1937-439F-9033-AD01DD5589C1}.Release|Any CPU.ActiveCfg = Release|Any CPU
		{E4274C0E-1937-439F-9033-AD01DD5589C1}.Release|Any CPU.Build.0 = Release|Any CPU
		{877F97E3-BA25-42DA-A9E9-3065CAA4CCA4}.Debug|Any CPU.ActiveCfg = Debug|Any CPU
		{877F97E3-BA25-42DA-A9E9-3065CAA4CCA4}.Debug|Any CPU.Build.0 = Debug|Any CPU
		{877F97E3-BA25-42DA-A9E9-3065CAA4CCA4}.Release|Any CPU.ActiveCfg = Release|Any CPU
		{877F97E3-BA25-42DA-A9E9-3065CAA4CCA4}.Release|Any CPU.Build.0 = Release|Any CPU
	EndGlobalSection
	GlobalSection(SolutionProperties) = preSolution
		HideSolutionNode = FALSE
	EndGlobalSection
	GlobalSection(ExtensibilityGlobals) = postSolution
		SolutionGuid = {D9315CCB-B48D-418A-BEBB-14CB247877C8}
	EndGlobalSection
EndGlobal
